// !$*UTF8*$!
{
	archiveVersion = 1;
	classes = {
	};
	objectVersion = 46;
	objects = {

/* Begin PBXBuildFile section */
		55038AF8170B7D0300C5CE02 /* FeedTableViewController.m in Sources */ = {isa = PBXBuildFile; fileRef = 55038AF7170B7D0200C5CE02 /* FeedTableViewController.m */; };
		551F7D2F16F5AA1F00D7F4B0 /* Templates in Resources */ = {isa = PBXBuildFile; fileRef = 551F7D2E16F5AA1F00D7F4B0 /* Templates */; };
		552115C5170D4D3A0097BD53 /* FeedViewController.m in Sources */ = {isa = PBXBuildFile; fileRef = 552115C3170D4D3A0097BD53 /* FeedViewController.m */; };
		552115C6170D4D3A0097BD53 /* FeedViewController.xib in Resources */ = {isa = PBXBuildFile; fileRef = 552115C4170D4D3A0097BD53 /* FeedViewController.xib */; };
		552115C9170D52030097BD53 /* FeedStore.m in Sources */ = {isa = PBXBuildFile; fileRef = 552115C8170D52030097BD53 /* FeedStore.m */; };
		552115CC170D52860097BD53 /* Feed.m in Sources */ = {isa = PBXBuildFile; fileRef = 552115CB170D52860097BD53 /* Feed.m */; };
		5524D5A2171158C600BB0720 /* ArticleTableViewController.m in Sources */ = {isa = PBXBuildFile; fileRef = 5524D5A1171158C600BB0720 /* ArticleTableViewController.m */; };
		5524D5A517115ED900BB0720 /* LoadViewController.m in Sources */ = {isa = PBXBuildFile; fileRef = 5524D5A417115ED900BB0720 /* LoadViewController.m */; };
		5524D5A8171160ED00BB0720 /* LoadViewController.xib in Resources */ = {isa = PBXBuildFile; fileRef = 5524D5A6171160ED00BB0720 /* LoadViewController.xib */; };
		55333DDC16FC2B5A00CAD539 /* WebViewDelegate.m in Sources */ = {isa = PBXBuildFile; fileRef = 55333DDB16FC2B5A00CAD539 /* WebViewDelegate.m */; };
		555570751712BB6900FED58C /* wildfire_logo_transparent.png in Resources */ = {isa = PBXBuildFile; fileRef = 555570741712BB6900FED58C /* wildfire_logo_transparent.png */; };
		555570771712BB7000FED58C /* background.png in Resources */ = {isa = PBXBuildFile; fileRef = 555570761712BB7000FED58C /* background.png */; };
		5555707F1712BFAB00FED58C /* icon.png in Resources */ = {isa = PBXBuildFile; fileRef = 5555707E1712BFAB00FED58C /* icon.png */; };
		555570811712C09F00FED58C /* icon_114.png in Resources */ = {isa = PBXBuildFile; fileRef = 555570801712C09F00FED58C /* icon_114.png */; };
		55791BDE16E1DD420083AF02 /* UIKit.framework in Frameworks */ = {isa = PBXBuildFile; fileRef = 55791BDD16E1DD420083AF02 /* UIKit.framework */; };
		55791BE016E1DD420083AF02 /* Foundation.framework in Frameworks */ = {isa = PBXBuildFile; fileRef = 55791BDF16E1DD420083AF02 /* Foundation.framework */; };
		55791BE216E1DD420083AF02 /* CoreGraphics.framework in Frameworks */ = {isa = PBXBuildFile; fileRef = 55791BE116E1DD420083AF02 /* CoreGraphics.framework */; };
		55791BE816E1DD420083AF02 /* InfoPlist.strings in Resources */ = {isa = PBXBuildFile; fileRef = 55791BE616E1DD420083AF02 /* InfoPlist.strings */; };
		55791BEA16E1DD420083AF02 /* main.m in Sources */ = {isa = PBXBuildFile; fileRef = 55791BE916E1DD420083AF02 /* main.m */; };
		55791BEE16E1DD420083AF02 /* AppDelegate.m in Sources */ = {isa = PBXBuildFile; fileRef = 55791BED16E1DD420083AF02 /* AppDelegate.m */; };
		55791BF216E1DD420083AF02 /* Default@2x.png in Resources */ = {isa = PBXBuildFile; fileRef = 55791BF116E1DD420083AF02 /* Default@2x.png */; };
		55791BF716E1DD420083AF02 /* MainViewController.m in Sources */ = {isa = PBXBuildFile; fileRef = 55791BF616E1DD420083AF02 /* MainViewController.m */; };
		55791BFA16E1DD420083AF02 /* MainViewController.xib in Resources */ = {isa = PBXBuildFile; fileRef = 55791BF816E1DD420083AF02 /* MainViewController.xib */; };
		55791C1B16E1DDB00083AF02 /* ContentViewController.m in Sources */ = {isa = PBXBuildFile; fileRef = 55791C1916E1DDB00083AF02 /* ContentViewController.m */; };
		55791C1C16E1DDB00083AF02 /* ContentViewController.xib in Resources */ = {isa = PBXBuildFile; fileRef = 55791C1A16E1DDB00083AF02 /* ContentViewController.xib */; };
		55791C1E16E1E6DD0083AF02 /* Notes in Resources */ = {isa = PBXBuildFile; fileRef = 55791C1D16E1E6DD0083AF02 /* Notes */; };
		557941E716FDA02600C6E9F4 /* TemplateFactory.m in Sources */ = {isa = PBXBuildFile; fileRef = 557941E616FDA02600C6E9F4 /* TemplateFactory.m */; };
		559534D816FD8D490059FCF4 /* Template.m in Sources */ = {isa = PBXBuildFile; fileRef = 559534D716FD8D490059FCF4 /* Template.m */; };
		55A69A2F16E71FB300D846EC /* Article.m in Sources */ = {isa = PBXBuildFile; fileRef = 55A69A2C16E71FB300D846EC /* Article.m */; };
		55A69A3016E71FB300D846EC /* NewsDataFactory.m in Sources */ = {isa = PBXBuildFile; fileRef = 55A69A2E16E71FB300D846EC /* NewsDataFactory.m */; };
		55A69A3216E71FDE00D846EC /* ArticleList.json in Resources */ = {isa = PBXBuildFile; fileRef = 55A69A3116E71FDE00D846EC /* ArticleList.json */; };
		55C377C517168C66002E5B56 /* SenTestingKit.framework in Frameworks */ = {isa = PBXBuildFile; fileRef = 55791C0116E1DD420083AF02 /* SenTestingKit.framework */; };
		55C377C617168C66002E5B56 /* UIKit.framework in Frameworks */ = {isa = PBXBuildFile; fileRef = 55791BDD16E1DD420083AF02 /* UIKit.framework */; };
		55C377C717168C66002E5B56 /* Foundation.framework in Frameworks */ = {isa = PBXBuildFile; fileRef = 55791BDF16E1DD420083AF02 /* Foundation.framework */; };
		55C377CD17168C66002E5B56 /* InfoPlist.strings in Resources */ = {isa = PBXBuildFile; fileRef = 55C377CB17168C66002E5B56 /* InfoPlist.strings */; };
		55C377D017168C66002E5B56 /* FeedReaderTests.m in Sources */ = {isa = PBXBuildFile; fileRef = 55C377CF17168C66002E5B56 /* FeedReaderTests.m */; };
		55C377D817168E14002E5B56 /* Default-568h@2x.png in Resources */ = {isa = PBXBuildFile; fileRef = 55C377D517168E14002E5B56 /* Default-568h@2x.png */; };
		55C377D917168E14002E5B56 /* Default.png in Resources */ = {isa = PBXBuildFile; fileRef = 55C377D617168E14002E5B56 /* Default.png */; };
		55C377DA17168E14002E5B56 /* Default@2x.png in Resources */ = {isa = PBXBuildFile; fileRef = 55C377D717168E14002E5B56 /* Default@2x.png */; };
		55C377DC17168E30002E5B56 /* Default.png in Resources */ = {isa = PBXBuildFile; fileRef = 55C377DB17168E30002E5B56 /* Default.png */; };
		55C377DE17168E43002E5B56 /* Default-568h@2x.png in Resources */ = {isa = PBXBuildFile; fileRef = 55C377DD17168E43002E5B56 /* Default-568h@2x.png */; };
		55C377E4171695C1002E5B56 /* NewsDataFactoryTests.m in Sources */ = {isa = PBXBuildFile; fileRef = 55C377E3171695C1002E5B56 /* NewsDataFactoryTests.m */; };
		55C377E7171696A4002E5B56 /* RSSNewsDataFactoryTests.m in Sources */ = {isa = PBXBuildFile; fileRef = 55C377E6171696A4002E5B56 /* RSSNewsDataFactoryTests.m */; };
		55C377E917169795002E5B56 /* RSSNewsDataFactoryTestData.rss in Resources */ = {isa = PBXBuildFile; fileRef = 55C377E817169795002E5B56 /* RSSNewsDataFactoryTestData.rss */; };
		55D0F5941711585900AF68FD /* ArticleTableViewController.h in Resources */ = {isa = PBXBuildFile; fileRef = 55D0F5931711585900AF68FD /* ArticleTableViewController.h */; };
		55FE9E681702C9B300EDBEA3 /* ArticleList.rss in Resources */ = {isa = PBXBuildFile; fileRef = 55FE9E671702C9B300EDBEA3 /* ArticleList.rss */; };
		55FE9E6B1702CA6200EDBEA3 /* RSSNewsDataFactory.m in Sources */ = {isa = PBXBuildFile; fileRef = 55FE9E6A1702CA6200EDBEA3 /* RSSNewsDataFactory.m */; };
/* End PBXBuildFile section */

/* Begin PBXFileReference section */
		55038AF6170B7D0200C5CE02 /* FeedTableViewController.h */ = {isa = PBXFileReference; fileEncoding = 4; lastKnownFileType = sourcecode.c.h; path = FeedTableViewController.h; sourceTree = "<group>"; };
		55038AF7170B7D0200C5CE02 /* FeedTableViewController.m */ = {isa = PBXFileReference; fileEncoding = 4; lastKnownFileType = sourcecode.c.objc; path = FeedTableViewController.m; sourceTree = "<group>"; };
		551F7D2E16F5AA1F00D7F4B0 /* Templates */ = {isa = PBXFileReference; lastKnownFileType = folder; path = Templates; sourceTree = "<group>"; };
		552115C2170D4D3A0097BD53 /* FeedViewController.h */ = {isa = PBXFileReference; fileEncoding = 4; lastKnownFileType = sourcecode.c.h; path = FeedViewController.h; sourceTree = "<group>"; };
		552115C3170D4D3A0097BD53 /* FeedViewController.m */ = {isa = PBXFileReference; fileEncoding = 4; lastKnownFileType = sourcecode.c.objc; path = FeedViewController.m; sourceTree = "<group>"; };
		552115C4170D4D3A0097BD53 /* FeedViewController.xib */ = {isa = PBXFileReference; fileEncoding = 4; lastKnownFileType = file.xib; path = FeedViewController.xib; sourceTree = "<group>"; };
		552115C7170D52030097BD53 /* FeedStore.h */ = {isa = PBXFileReference; fileEncoding = 4; lastKnownFileType = sourcecode.c.h; path = FeedStore.h; sourceTree = "<group>"; };
		552115C8170D52030097BD53 /* FeedStore.m */ = {isa = PBXFileReference; fileEncoding = 4; lastKnownFileType = sourcecode.c.objc; path = FeedStore.m; sourceTree = "<group>"; };
		552115CA170D52860097BD53 /* Feed.h */ = {isa = PBXFileReference; fileEncoding = 4; lastKnownFileType = sourcecode.c.h; path = Feed.h; sourceTree = "<group>"; };
		552115CB170D52860097BD53 /* Feed.m */ = {isa = PBXFileReference; fileEncoding = 4; lastKnownFileType = sourcecode.c.objc; path = Feed.m; sourceTree = "<group>"; };
		5524D5A1171158C600BB0720 /* ArticleTableViewController.m */ = {isa = PBXFileReference; fileEncoding = 4; lastKnownFileType = sourcecode.c.objc; path = ArticleTableViewController.m; sourceTree = "<group>"; };
		5524D5A317115EB200BB0720 /* LoadViewController.h */ = {isa = PBXFileReference; fileEncoding = 4; lastKnownFileType = sourcecode.c.h; path = LoadViewController.h; sourceTree = "<group>"; };
		5524D5A417115ED900BB0720 /* LoadViewController.m */ = {isa = PBXFileReference; fileEncoding = 4; lastKnownFileType = sourcecode.c.objc; path = LoadViewController.m; sourceTree = "<group>"; };
		5524D5A7171160ED00BB0720 /* en */ = {isa = PBXFileReference; lastKnownFileType = file.xib; name = en; path = en.lproj/LoadViewController.xib; sourceTree = "<group>"; };
		55333DDA16FC2B5A00CAD539 /* WebViewDelegate.h */ = {isa = PBXFileReference; fileEncoding = 4; lastKnownFileType = sourcecode.c.h; path = WebViewDelegate.h; sourceTree = "<group>"; };
		55333DDB16FC2B5A00CAD539 /* WebViewDelegate.m */ = {isa = PBXFileReference; fileEncoding = 4; lastKnownFileType = sourcecode.c.objc; path = WebViewDelegate.m; sourceTree = "<group>"; };
		555570741712BB6900FED58C /* wildfire_logo_transparent.png */ = {isa = PBXFileReference; lastKnownFileType = image.png; path = wildfire_logo_transparent.png; sourceTree = "<group>"; };
		555570761712BB7000FED58C /* background.png */ = {isa = PBXFileReference; lastKnownFileType = image.png; path = background.png; sourceTree = "<group>"; };
		5555707E1712BFAB00FED58C /* icon.png */ = {isa = PBXFileReference; lastKnownFileType = image.png; name = icon.png; path = ../icon.png; sourceTree = "<group>"; };
		555570801712C09F00FED58C /* icon_114.png */ = {isa = PBXFileReference; lastKnownFileType = image.png; name = icon_114.png; path = ../icon_114.png; sourceTree = "<group>"; };
		55791BDA16E1DD420083AF02 /* FeedReader.app */ = {isa = PBXFileReference; explicitFileType = wrapper.application; includeInIndex = 0; path = FeedReader.app; sourceTree = BUILT_PRODUCTS_DIR; };
		55791BDD16E1DD420083AF02 /* UIKit.framework */ = {isa = PBXFileReference; lastKnownFileType = wrapper.framework; name = UIKit.framework; path = System/Library/Frameworks/UIKit.framework; sourceTree = SDKROOT; };
		55791BDF16E1DD420083AF02 /* Foundation.framework */ = {isa = PBXFileReference; lastKnownFileType = wrapper.framework; name = Foundation.framework; path = System/Library/Frameworks/Foundation.framework; sourceTree = SDKROOT; };
		55791BE116E1DD420083AF02 /* CoreGraphics.framework */ = {isa = PBXFileReference; lastKnownFileType = wrapper.framework; name = CoreGraphics.framework; path = System/Library/Frameworks/CoreGraphics.framework; sourceTree = SDKROOT; };
		55791BE516E1DD420083AF02 /* FeedReader-Info.plist */ = {isa = PBXFileReference; lastKnownFileType = text.plist.xml; path = "FeedReader-Info.plist"; sourceTree = "<group>"; };
		55791BE716E1DD420083AF02 /* en */ = {isa = PBXFileReference; lastKnownFileType = text.plist.strings; name = en; path = en.lproj/InfoPlist.strings; sourceTree = "<group>"; };
		55791BE916E1DD420083AF02 /* main.m */ = {isa = PBXFileReference; lastKnownFileType = sourcecode.c.objc; path = main.m; sourceTree = "<group>"; };
		55791BEB16E1DD420083AF02 /* FeedReader-Prefix.pch */ = {isa = PBXFileReference; lastKnownFileType = sourcecode.c.h; path = "FeedReader-Prefix.pch"; sourceTree = "<group>"; };
		55791BEC16E1DD420083AF02 /* AppDelegate.h */ = {isa = PBXFileReference; lastKnownFileType = sourcecode.c.h; path = AppDelegate.h; sourceTree = "<group>"; };
		55791BED16E1DD420083AF02 /* AppDelegate.m */ = {isa = PBXFileReference; lastKnownFileType = sourcecode.c.objc; path = AppDelegate.m; sourceTree = "<group>"; };
		55791BEF16E1DD420083AF02 /* Default.png */ = {isa = PBXFileReference; lastKnownFileType = image.png; path = Default.png; sourceTree = "<group>"; };
		55791BF116E1DD420083AF02 /* Default@2x.png */ = {isa = PBXFileReference; lastKnownFileType = image.png; path = "Default@2x.png"; sourceTree = "<group>"; };
		55791BF316E1DD420083AF02 /* Default-568h@2x.png */ = {isa = PBXFileReference; lastKnownFileType = image.png; path = "Default-568h@2x.png"; sourceTree = "<group>"; };
		55791BF516E1DD420083AF02 /* MainViewController.h */ = {isa = PBXFileReference; lastKnownFileType = sourcecode.c.h; path = MainViewController.h; sourceTree = "<group>"; };
		55791BF616E1DD420083AF02 /* MainViewController.m */ = {isa = PBXFileReference; lastKnownFileType = sourcecode.c.objc; path = MainViewController.m; sourceTree = "<group>"; };
		55791BF916E1DD420083AF02 /* en */ = {isa = PBXFileReference; lastKnownFileType = file.xib; name = en; path = en.lproj/MainViewController.xib; sourceTree = "<group>"; };
		55791C0116E1DD420083AF02 /* SenTestingKit.framework */ = {isa = PBXFileReference; lastKnownFileType = wrapper.framework; name = SenTestingKit.framework; path = Library/Frameworks/SenTestingKit.framework; sourceTree = DEVELOPER_DIR; };
		55791C1816E1DDB00083AF02 /* ContentViewController.h */ = {isa = PBXFileReference; fileEncoding = 4; lastKnownFileType = sourcecode.c.h; path = ContentViewController.h; sourceTree = "<group>"; };
		55791C1916E1DDB00083AF02 /* ContentViewController.m */ = {isa = PBXFileReference; fileEncoding = 4; lastKnownFileType = sourcecode.c.objc; path = ContentViewController.m; sourceTree = "<group>"; };
		55791C1A16E1DDB00083AF02 /* ContentViewController.xib */ = {isa = PBXFileReference; fileEncoding = 4; lastKnownFileType = file.xib; path = ContentViewController.xib; sourceTree = "<group>"; };
		55791C1D16E1E6DD0083AF02 /* Notes */ = {isa = PBXFileReference; fileEncoding = 4; lastKnownFileType = text; path = Notes; sourceTree = "<group>"; };
		557941E516FDA02600C6E9F4 /* TemplateFactory.h */ = {isa = PBXFileReference; fileEncoding = 4; lastKnownFileType = sourcecode.c.h; path = TemplateFactory.h; sourceTree = "<group>"; };
		557941E616FDA02600C6E9F4 /* TemplateFactory.m */ = {isa = PBXFileReference; fileEncoding = 4; lastKnownFileType = sourcecode.c.objc; path = TemplateFactory.m; sourceTree = "<group>"; };
		559534D616FD8D490059FCF4 /* Template.h */ = {isa = PBXFileReference; fileEncoding = 4; lastKnownFileType = sourcecode.c.h; path = Template.h; sourceTree = "<group>"; };
		559534D716FD8D490059FCF4 /* Template.m */ = {isa = PBXFileReference; fileEncoding = 4; lastKnownFileType = sourcecode.c.objc; path = Template.m; sourceTree = "<group>"; };
		55A69A2B16E71FB300D846EC /* Article.h */ = {isa = PBXFileReference; fileEncoding = 4; lastKnownFileType = sourcecode.c.h; path = Article.h; sourceTree = "<group>"; };
		55A69A2C16E71FB300D846EC /* Article.m */ = {isa = PBXFileReference; fileEncoding = 4; lastKnownFileType = sourcecode.c.objc; path = Article.m; sourceTree = "<group>"; };
		55A69A2D16E71FB300D846EC /* NewsDataFactory.h */ = {isa = PBXFileReference; fileEncoding = 4; lastKnownFileType = sourcecode.c.h; path = NewsDataFactory.h; sourceTree = "<group>"; };
		55A69A2E16E71FB300D846EC /* NewsDataFactory.m */ = {isa = PBXFileReference; fileEncoding = 4; lastKnownFileType = sourcecode.c.objc; path = NewsDataFactory.m; sourceTree = "<group>"; };
		55A69A3116E71FDE00D846EC /* ArticleList.json */ = {isa = PBXFileReference; fileEncoding = 4; lastKnownFileType = text.json; path = ArticleList.json; sourceTree = "<group>"; };
		55C377C417168C66002E5B56 /* FeedReaderTests.octest */ = {isa = PBXFileReference; explicitFileType = wrapper.cfbundle; includeInIndex = 0; path = FeedReaderTests.octest; sourceTree = BUILT_PRODUCTS_DIR; };
		55C377CA17168C66002E5B56 /* FeedReaderTests-Info.plist */ = {isa = PBXFileReference; lastKnownFileType = text.plist.xml; path = "FeedReaderTests-Info.plist"; sourceTree = "<group>"; };
		55C377CC17168C66002E5B56 /* en */ = {isa = PBXFileReference; lastKnownFileType = text.plist.strings; name = en; path = en.lproj/InfoPlist.strings; sourceTree = "<group>"; };
		55C377CE17168C66002E5B56 /* FeedReaderTests.h */ = {isa = PBXFileReference; lastKnownFileType = sourcecode.c.h; path = FeedReaderTests.h; sourceTree = "<group>"; };
		55C377CF17168C66002E5B56 /* FeedReaderTests.m */ = {isa = PBXFileReference; lastKnownFileType = sourcecode.c.objc; path = FeedReaderTests.m; sourceTree = "<group>"; };
		55C377D117168C66002E5B56 /* FeedReaderTests-Prefix.pch */ = {isa = PBXFileReference; lastKnownFileType = sourcecode.c.h; path = "FeedReaderTests-Prefix.pch"; sourceTree = "<group>"; };
		55C377D517168E14002E5B56 /* Default-568h@2x.png */ = {isa = PBXFileReference; lastKnownFileType = image.png; path = "Default-568h@2x.png"; sourceTree = "<group>"; };
		55C377D617168E14002E5B56 /* Default.png */ = {isa = PBXFileReference; lastKnownFileType = image.png; path = Default.png; sourceTree = "<group>"; };
		55C377D717168E14002E5B56 /* Default@2x.png */ = {isa = PBXFileReference; lastKnownFileType = image.png; path = "Default@2x.png"; sourceTree = "<group>"; };
		55C377DB17168E30002E5B56 /* Default.png */ = {isa = PBXFileReference; lastKnownFileType = image.png; path = Default.png; sourceTree = "<group>"; };
		55C377DD17168E43002E5B56 /* Default-568h@2x.png */ = {isa = PBXFileReference; lastKnownFileType = image.png; path = "Default-568h@2x.png"; sourceTree = "<group>"; };
		55C377E2171695C1002E5B56 /* NewsDataFactoryTests.h */ = {isa = PBXFileReference; fileEncoding = 4; lastKnownFileType = sourcecode.c.h; path = NewsDataFactoryTests.h; sourceTree = "<group>"; };
		55C377E3171695C1002E5B56 /* NewsDataFactoryTests.m */ = {isa = PBXFileReference; fileEncoding = 4; lastKnownFileType = sourcecode.c.objc; path = NewsDataFactoryTests.m; sourceTree = "<group>"; };
		55C377E5171696A4002E5B56 /* RSSNewsDataFactoryTests.h */ = {isa = PBXFileReference; fileEncoding = 4; lastKnownFileType = sourcecode.c.h; path = RSSNewsDataFactoryTests.h; sourceTree = "<group>"; };
		55C377E6171696A4002E5B56 /* RSSNewsDataFactoryTests.m */ = {isa = PBXFileReference; fileEncoding = 4; lastKnownFileType = sourcecode.c.objc; path = RSSNewsDataFactoryTests.m; sourceTree = "<group>"; };
		55C377E817169795002E5B56 /* RSSNewsDataFactoryTestData.rss */ = {isa = PBXFileReference; fileEncoding = 4; lastKnownFileType = text.xml; path = RSSNewsDataFactoryTestData.rss; sourceTree = "<group>"; };
		55D0F5931711585900AF68FD /* ArticleTableViewController.h */ = {isa = PBXFileReference; fileEncoding = 4; lastKnownFileType = sourcecode.c.h; path = ArticleTableViewController.h; sourceTree = "<group>"; };
		55FE9E671702C9B300EDBEA3 /* ArticleList.rss */ = {isa = PBXFileReference; fileEncoding = 4; lastKnownFileType = text; path = ArticleList.rss; sourceTree = "<group>"; };
		55FE9E691702CA6200EDBEA3 /* RSSNewsDataFactory.h */ = {isa = PBXFileReference; fileEncoding = 4; lastKnownFileType = sourcecode.c.h; path = RSSNewsDataFactory.h; sourceTree = "<group>"; };
		55FE9E6A1702CA6200EDBEA3 /* RSSNewsDataFactory.m */ = {isa = PBXFileReference; fileEncoding = 4; lastKnownFileType = sourcecode.c.objc; path = RSSNewsDataFactory.m; sourceTree = "<group>"; };
/* End PBXFileReference section */

/* Begin PBXFrameworksBuildPhase section */
		55791BD716E1DD420083AF02 /* Frameworks */ = {
			isa = PBXFrameworksBuildPhase;
			buildActionMask = 2147483647;
			files = (
				55791BDE16E1DD420083AF02 /* UIKit.framework in Frameworks */,
				55791BE016E1DD420083AF02 /* Foundation.framework in Frameworks */,
				55791BE216E1DD420083AF02 /* CoreGraphics.framework in Frameworks */,
			);
			runOnlyForDeploymentPostprocessing = 0;
		};
		55C377C017168C66002E5B56 /* Frameworks */ = {
			isa = PBXFrameworksBuildPhase;
			buildActionMask = 2147483647;
			files = (
				55C377C517168C66002E5B56 /* SenTestingKit.framework in Frameworks */,
				55C377C617168C66002E5B56 /* UIKit.framework in Frameworks */,
				55C377C717168C66002E5B56 /* Foundation.framework in Frameworks */,
			);
			runOnlyForDeploymentPostprocessing = 0;
		};
/* End PBXFrameworksBuildPhase section */

/* Begin PBXGroup section */
		55791BD116E1DD420083AF02 = {
			isa = PBXGroup;
			children = (
				55C377DD17168E43002E5B56 /* Default-568h@2x.png */,
				55C377DB17168E30002E5B56 /* Default.png */,
				55791BE316E1DD420083AF02 /* FeedReader */,
				55C377C817168C66002E5B56 /* FeedReaderTests */,
				55791BDC16E1DD420083AF02 /* Frameworks */,
				55791BDB16E1DD420083AF02 /* Products */,
			);
			sourceTree = "<group>";
		};
		55791BDB16E1DD420083AF02 /* Products */ = {
			isa = PBXGroup;
			children = (
				55791BDA16E1DD420083AF02 /* FeedReader.app */,
				55C377C417168C66002E5B56 /* FeedReaderTests.octest */,
			);
			name = Products;
			sourceTree = "<group>";
		};
		55791BDC16E1DD420083AF02 /* Frameworks */ = {
			isa = PBXGroup;
			children = (
				55791BDD16E1DD420083AF02 /* UIKit.framework */,
				55791BDF16E1DD420083AF02 /* Foundation.framework */,
				55791BE116E1DD420083AF02 /* CoreGraphics.framework */,
				55791C0116E1DD420083AF02 /* SenTestingKit.framework */,
			);
			name = Frameworks;
			sourceTree = "<group>";
		};
		55791BE316E1DD420083AF02 /* FeedReader */ = {
			isa = PBXGroup;
			children = (
				55791C1D16E1E6DD0083AF02 /* Notes */,
				55791BEC16E1DD420083AF02 /* AppDelegate.h */,
				55791BED16E1DD420083AF02 /* AppDelegate.m */,
				5524D5A317115EB200BB0720 /* LoadViewController.h */,
				5524D5A417115ED900BB0720 /* LoadViewController.m */,
				5524D5A6171160ED00BB0720 /* LoadViewController.xib */,
				55D0F5931711585900AF68FD /* ArticleTableViewController.h */,
				5524D5A1171158C600BB0720 /* ArticleTableViewController.m */,
				55791BF516E1DD420083AF02 /* MainViewController.h */,
				55791BF616E1DD420083AF02 /* MainViewController.m */,
				55791BF816E1DD420083AF02 /* MainViewController.xib */,
				55791C1816E1DDB00083AF02 /* ContentViewController.h */,
				55791C1916E1DDB00083AF02 /* ContentViewController.m */,
				55791C1A16E1DDB00083AF02 /* ContentViewController.xib */,
				55333DDA16FC2B5A00CAD539 /* WebViewDelegate.h */,
				55333DDB16FC2B5A00CAD539 /* WebViewDelegate.m */,
				55038AF6170B7D0200C5CE02 /* FeedTableViewController.h */,
				55038AF7170B7D0200C5CE02 /* FeedTableViewController.m */,
				552115C2170D4D3A0097BD53 /* FeedViewController.h */,
				552115C3170D4D3A0097BD53 /* FeedViewController.m */,
				552115C4170D4D3A0097BD53 /* FeedViewController.xib */,
				55791BE416E1DD420083AF02 /* Supporting Files */,
				55A69A2B16E71FB300D846EC /* Article.h */,
				55A69A2C16E71FB300D846EC /* Article.m */,
				55A69A2D16E71FB300D846EC /* NewsDataFactory.h */,
				55A69A2E16E71FB300D846EC /* NewsDataFactory.m */,
				55FE9E691702CA6200EDBEA3 /* RSSNewsDataFactory.h */,
				55FE9E6A1702CA6200EDBEA3 /* RSSNewsDataFactory.m */,
				559534D616FD8D490059FCF4 /* Template.h */,
				559534D716FD8D490059FCF4 /* Template.m */,
				557941E516FDA02600C6E9F4 /* TemplateFactory.h */,
				557941E616FDA02600C6E9F4 /* TemplateFactory.m */,
				552115C7170D52030097BD53 /* FeedStore.h */,
				552115C8170D52030097BD53 /* FeedStore.m */,
				552115CA170D52860097BD53 /* Feed.h */,
				552115CB170D52860097BD53 /* Feed.m */,
			);
			path = FeedReader;
			sourceTree = "<group>";
		};
		55791BE416E1DD420083AF02 /* Supporting Files */ = {
			isa = PBXGroup;
			children = (
				55C377D517168E14002E5B56 /* Default-568h@2x.png */,
				55C377D617168E14002E5B56 /* Default.png */,
				55C377D717168E14002E5B56 /* Default@2x.png */,
				555570801712C09F00FED58C /* icon_114.png */,
				5555707E1712BFAB00FED58C /* icon.png */,
				555570761712BB7000FED58C /* background.png */,
				555570741712BB6900FED58C /* wildfire_logo_transparent.png */,
				551F7D2E16F5AA1F00D7F4B0 /* Templates */,
				55A69A3116E71FDE00D846EC /* ArticleList.json */,
				55791BE516E1DD420083AF02 /* FeedReader-Info.plist */,
				55791BE616E1DD420083AF02 /* InfoPlist.strings */,
				55791BE916E1DD420083AF02 /* main.m */,
				55791BEB16E1DD420083AF02 /* FeedReader-Prefix.pch */,
				55791BEF16E1DD420083AF02 /* Default.png */,
				55791BF116E1DD420083AF02 /* Default@2x.png */,
				55791BF316E1DD420083AF02 /* Default-568h@2x.png */,
				55FE9E671702C9B300EDBEA3 /* ArticleList.rss */,
			);
			name = "Supporting Files";
			sourceTree = "<group>";
		};
		55C377C817168C66002E5B56 /* FeedReaderTests */ = {
			isa = PBXGroup;
			children = (
				55C377CE17168C66002E5B56 /* FeedReaderTests.h */,
				55C377CF17168C66002E5B56 /* FeedReaderTests.m */,
				55C377C917168C66002E5B56 /* Supporting Files */,
				55C377E2171695C1002E5B56 /* NewsDataFactoryTests.h */,
				55C377E3171695C1002E5B56 /* NewsDataFactoryTests.m */,
				55C377E5171696A4002E5B56 /* RSSNewsDataFactoryTests.h */,
				55C377E6171696A4002E5B56 /* RSSNewsDataFactoryTests.m */,
			);
			path = FeedReaderTests;
			sourceTree = "<group>";
		};
		55C377C917168C66002E5B56 /* Supporting Files */ = {
			isa = PBXGroup;
			children = (
				55C377E817169795002E5B56 /* RSSNewsDataFactoryTestData.rss */,
				55C377CA17168C66002E5B56 /* FeedReaderTests-Info.plist */,
				55C377CB17168C66002E5B56 /* InfoPlist.strings */,
				55C377D117168C66002E5B56 /* FeedReaderTests-Prefix.pch */,
			);
			name = "Supporting Files";
			sourceTree = "<group>";
		};
/* End PBXGroup section */

/* Begin PBXNativeTarget section */
		55791BD916E1DD420083AF02 /* FeedReader */ = {
			isa = PBXNativeTarget;
			buildConfigurationList = 55791C1216E1DD420083AF02 /* Build configuration list for PBXNativeTarget "FeedReader" */;
			buildPhases = (
				55791BD616E1DD420083AF02 /* Sources */,
				55791BD716E1DD420083AF02 /* Frameworks */,
				55791BD816E1DD420083AF02 /* Resources */,
			);
			buildRules = (
			);
			dependencies = (
			);
			name = FeedReader;
			productName = PageViewer;
			productReference = 55791BDA16E1DD420083AF02 /* FeedReader.app */;
			productType = "com.apple.product-type.application";
		};
		55C377C317168C66002E5B56 /* FeedReaderTests */ = {
			isa = PBXNativeTarget;
			buildConfigurationList = 55C377D217168C66002E5B56 /* Build configuration list for PBXNativeTarget "FeedReaderTests" */;
			buildPhases = (
				55C377BF17168C66002E5B56 /* Sources */,
				55C377C017168C66002E5B56 /* Frameworks */,
				55C377C117168C66002E5B56 /* Resources */,
				55C377C217168C66002E5B56 /* ShellScript */,
			);
			buildRules = (
			);
			dependencies = (
			);
			name = FeedReaderTests;
			productName = FeedReaderTests;
			productReference = 55C377C417168C66002E5B56 /* FeedReaderTests.octest */;
			productType = "com.apple.product-type.bundle";
		};
/* End PBXNativeTarget section */

/* Begin PBXProject section */
		55791BD216E1DD420083AF02 /* Project object */ = {
			isa = PBXProject;
			attributes = {
				LastUpgradeCheck = 0460;
				ORGANIZATIONNAME = Dave;
			};
			buildConfigurationList = 55791BD516E1DD420083AF02 /* Build configuration list for PBXProject "FeedReader" */;
			compatibilityVersion = "Xcode 3.2";
			developmentRegion = English;
			hasScannedForEncodings = 0;
			knownRegions = (
				en,
			);
			mainGroup = 55791BD116E1DD420083AF02;
			productRefGroup = 55791BDB16E1DD420083AF02 /* Products */;
			projectDirPath = "";
			projectRoot = "";
			targets = (
				55791BD916E1DD420083AF02 /* FeedReader */,
				55C377C317168C66002E5B56 /* FeedReaderTests */,
			);
		};
/* End PBXProject section */

/* Begin PBXResourcesBuildPhase section */
		55791BD816E1DD420083AF02 /* Resources */ = {
			isa = PBXResourcesBuildPhase;
			buildActionMask = 2147483647;
			files = (
				55791BE816E1DD420083AF02 /* InfoPlist.strings in Resources */,
				55791BF216E1DD420083AF02 /* Default@2x.png in Resources */,
				55791BFA16E1DD420083AF02 /* MainViewController.xib in Resources */,
				55791C1C16E1DDB00083AF02 /* ContentViewController.xib in Resources */,
				55791C1E16E1E6DD0083AF02 /* Notes in Resources */,
				55A69A3216E71FDE00D846EC /* ArticleList.json in Resources */,
				551F7D2F16F5AA1F00D7F4B0 /* Templates in Resources */,
				55FE9E681702C9B300EDBEA3 /* ArticleList.rss in Resources */,
				552115C6170D4D3A0097BD53 /* FeedViewController.xib in Resources */,
				55D0F5941711585900AF68FD /* ArticleTableViewController.h in Resources */,
				5524D5A8171160ED00BB0720 /* LoadViewController.xib in Resources */,
				555570751712BB6900FED58C /* wildfire_logo_transparent.png in Resources */,
				555570771712BB7000FED58C /* background.png in Resources */,
				5555707F1712BFAB00FED58C /* icon.png in Resources */,
				555570811712C09F00FED58C /* icon_114.png in Resources */,
				55C377D817168E14002E5B56 /* Default-568h@2x.png in Resources */,
				55C377D917168E14002E5B56 /* Default.png in Resources */,
				55C377DA17168E14002E5B56 /* Default@2x.png in Resources */,
				55C377DC17168E30002E5B56 /* Default.png in Resources */,
				55C377DE17168E43002E5B56 /* Default-568h@2x.png in Resources */,
			);
			runOnlyForDeploymentPostprocessing = 0;
		};
		55C377C117168C66002E5B56 /* Resources */ = {
			isa = PBXResourcesBuildPhase;
			buildActionMask = 2147483647;
			files = (
				55C377CD17168C66002E5B56 /* InfoPlist.strings in Resources */,
				55C377E917169795002E5B56 /* RSSNewsDataFactoryTestData.rss in Resources */,
			);
			runOnlyForDeploymentPostprocessing = 0;
		};
/* End PBXResourcesBuildPhase section */

/* Begin PBXShellScriptBuildPhase section */
		55C377C217168C66002E5B56 /* ShellScript */ = {
			isa = PBXShellScriptBuildPhase;
			buildActionMask = 2147483647;
			files = (
			);
			inputPaths = (
			);
			outputPaths = (
			);
			runOnlyForDeploymentPostprocessing = 0;
			shellPath = /bin/sh;
			shellScript = "# Run the unit tests in this test bundle.\n\"${SYSTEM_DEVELOPER_DIR}/Tools/RunUnitTests\"\n";
		};
/* End PBXShellScriptBuildPhase section */

/* Begin PBXSourcesBuildPhase section */
		55791BD616E1DD420083AF02 /* Sources */ = {
			isa = PBXSourcesBuildPhase;
			buildActionMask = 2147483647;
			files = (
				55791BEA16E1DD420083AF02 /* main.m in Sources */,
				55791BEE16E1DD420083AF02 /* AppDelegate.m in Sources */,
				55791BF716E1DD420083AF02 /* MainViewController.m in Sources */,
				55791C1B16E1DDB00083AF02 /* ContentViewController.m in Sources */,
				55A69A2F16E71FB300D846EC /* Article.m in Sources */,
				55A69A3016E71FB300D846EC /* NewsDataFactory.m in Sources */,
				55333DDC16FC2B5A00CAD539 /* WebViewDelegate.m in Sources */,
				559534D816FD8D490059FCF4 /* Template.m in Sources */,
				557941E716FDA02600C6E9F4 /* TemplateFactory.m in Sources */,
				55FE9E6B1702CA6200EDBEA3 /* RSSNewsDataFactory.m in Sources */,
				55038AF8170B7D0300C5CE02 /* FeedTableViewController.m in Sources */,
				552115C5170D4D3A0097BD53 /* FeedViewController.m in Sources */,
				552115C9170D52030097BD53 /* FeedStore.m in Sources */,
				552115CC170D52860097BD53 /* Feed.m in Sources */,
				5524D5A2171158C600BB0720 /* ArticleTableViewController.m in Sources */,
				5524D5A517115ED900BB0720 /* LoadViewController.m in Sources */,
			);
			runOnlyForDeploymentPostprocessing = 0;
		};
		55C377BF17168C66002E5B56 /* Sources */ = {
			isa = PBXSourcesBuildPhase;
			buildActionMask = 2147483647;
			files = (
				55C377D017168C66002E5B56 /* FeedReaderTests.m in Sources */,
				55C377E4171695C1002E5B56 /* NewsDataFactoryTests.m in Sources */,
				55C377E7171696A4002E5B56 /* RSSNewsDataFactoryTests.m in Sources */,
			);
			runOnlyForDeploymentPostprocessing = 0;
		};
/* End PBXSourcesBuildPhase section */

/* Begin PBXVariantGroup section */
		5524D5A6171160ED00BB0720 /* LoadViewController.xib */ = {
			isa = PBXVariantGroup;
			children = (
				5524D5A7171160ED00BB0720 /* en */,
			);
			name = LoadViewController.xib;
			sourceTree = "<group>";
		};
		55791BE616E1DD420083AF02 /* InfoPlist.strings */ = {
			isa = PBXVariantGroup;
			children = (
				55791BE716E1DD420083AF02 /* en */,
			);
			name = InfoPlist.strings;
			sourceTree = "<group>";
		};
		55791BF816E1DD420083AF02 /* MainViewController.xib */ = {
			isa = PBXVariantGroup;
			children = (
				55791BF916E1DD420083AF02 /* en */,
			);
			name = MainViewController.xib;
			sourceTree = "<group>";
		};
		55C377CB17168C66002E5B56 /* InfoPlist.strings */ = {
			isa = PBXVariantGroup;
			children = (
				55C377CC17168C66002E5B56 /* en */,
			);
			name = InfoPlist.strings;
			sourceTree = "<group>";
		};
/* End PBXVariantGroup section */

/* Begin XCBuildConfiguration section */
		55791C1016E1DD420083AF02 /* Debug */ = {
			isa = XCBuildConfiguration;
			buildSettings = {
				ALWAYS_SEARCH_USER_PATHS = NO;
				CLANG_CXX_LANGUAGE_STANDARD = "gnu++0x";
				CLANG_CXX_LIBRARY = "libc++";
				CLANG_ENABLE_OBJC_ARC = YES;
				CLANG_WARN_CONSTANT_CONVERSION = YES;
				CLANG_WARN_EMPTY_BODY = YES;
				CLANG_WARN_ENUM_CONVERSION = YES;
				CLANG_WARN_INT_CONVERSION = YES;
				CLANG_WARN__DUPLICATE_METHOD_MATCH = YES;
				"CODE_SIGN_IDENTITY[sdk=iphoneos*]" = "iPhone Developer";
				COPY_PHASE_STRIP = NO;
				GCC_C_LANGUAGE_STANDARD = gnu99;
				GCC_DYNAMIC_NO_PIC = NO;
				GCC_OPTIMIZATION_LEVEL = 0;
				GCC_PREPROCESSOR_DEFINITIONS = (
					"DEBUG=1",
					"$(inherited)",
				);
				GCC_SYMBOLS_PRIVATE_EXTERN = NO;
				GCC_WARN_ABOUT_RETURN_TYPE = YES;
				GCC_WARN_UNINITIALIZED_AUTOS = YES;
				GCC_WARN_UNUSED_VARIABLE = YES;
				IPHONEOS_DEPLOYMENT_TARGET = 6.1;
				ONLY_ACTIVE_ARCH = YES;
				SDKROOT = iphoneos;
			};
			name = Debug;
		};
		55791C1116E1DD420083AF02 /* Release */ = {
			isa = XCBuildConfiguration;
			buildSettings = {
				ALWAYS_SEARCH_USER_PATHS = NO;
				CLANG_CXX_LANGUAGE_STANDARD = "gnu++0x";
				CLANG_CXX_LIBRARY = "libc++";
				CLANG_ENABLE_OBJC_ARC = YES;
				CLANG_WARN_CONSTANT_CONVERSION = YES;
				CLANG_WARN_EMPTY_BODY = YES;
				CLANG_WARN_ENUM_CONVERSION = YES;
				CLANG_WARN_INT_CONVERSION = YES;
				CLANG_WARN__DUPLICATE_METHOD_MATCH = YES;
				"CODE_SIGN_IDENTITY[sdk=iphoneos*]" = "iPhone Developer";
				COPY_PHASE_STRIP = YES;
				GCC_C_LANGUAGE_STANDARD = gnu99;
				GCC_WARN_ABOUT_RETURN_TYPE = YES;
				GCC_WARN_UNINITIALIZED_AUTOS = YES;
				GCC_WARN_UNUSED_VARIABLE = YES;
				IPHONEOS_DEPLOYMENT_TARGET = 6.1;
				OTHER_CFLAGS = "-DNS_BLOCK_ASSERTIONS=1";
				SDKROOT = iphoneos;
				VALIDATE_PRODUCT = YES;
			};
			name = Release;
		};
		55791C1316E1DD420083AF02 /* Debug */ = {
			isa = XCBuildConfiguration;
			buildSettings = {
				GCC_PRECOMPILE_PREFIX_HEADER = YES;
				GCC_PREFIX_HEADER = "FeedReader/FeedReader-Prefix.pch";
				INFOPLIST_FILE = "$(SRCROOT)/FeedReader/FeedReader-Info.plist";
				PRODUCT_NAME = FeedReader;
				WRAPPER_EXTENSION = app;
			};
			name = Debug;
		};
		55791C1416E1DD420083AF02 /* Release */ = {
			isa = XCBuildConfiguration;
			buildSettings = {
				GCC_PRECOMPILE_PREFIX_HEADER = YES;
				GCC_PREFIX_HEADER = "FeedReader/FeedReader-Prefix.pch";
				INFOPLIST_FILE = "$(SRCROOT)/FeedReader/FeedReader-Info.plist";
				PRODUCT_NAME = FeedReader;
				WRAPPER_EXTENSION = app;
			};
			name = Release;
		};
		55C377D317168C66002E5B56 /* Debug */ = {
			isa = XCBuildConfiguration;
			buildSettings = {
				BUNDLE_LOADER = "$(BUILT_PRODUCTS_DIR)/FeedReader.app/FeedReader";
				FRAMEWORK_SEARCH_PATHS = (
					"\"$(SDKROOT)/Developer/Library/Frameworks\"",
					"\"$(DEVELOPER_LIBRARY_DIR)/Frameworks\"",
				);
				GCC_PRECOMPILE_PREFIX_HEADER = YES;
				GCC_PREFIX_HEADER = "FeedReaderTests/FeedReaderTests-Prefix.pch";
				INFOPLIST_FILE = "FeedReaderTests/FeedReaderTests-Info.plist";
				ONLY_ACTIVE_ARCH = NO;
				PRODUCT_NAME = "$(TARGET_NAME)";
				TEST_HOST = "$(BUILT_PRODUCTS_DIR)/FeedReader.app/FeedReader";
				WRAPPER_EXTENSION = octest;
			};
			name = Debug;
		};
		55C377D417168C66002E5B56 /* Release */ = {
			isa = XCBuildConfiguration;
			buildSettings = {
				BUNDLE_LOADER = "$(BUILT_PRODUCTS_DIR)/FeedReader.app/Contents/MacOS/FeedReader";
				FRAMEWORK_SEARCH_PATHS = (
					"\"$(SDKROOT)/Developer/Library/Frameworks\"",
					"\"$(DEVELOPER_LIBRARY_DIR)/Frameworks\"",
				);
				GCC_PRECOMPILE_PREFIX_HEADER = YES;
				GCC_PREFIX_HEADER = "FeedReaderTests/FeedReaderTests-Prefix.pch";
				INFOPLIST_FILE = "FeedReaderTests/FeedReaderTests-Info.plist";
				PRODUCT_NAME = "$(TARGET_NAME)";
				TEST_HOST = "$(BUILT_PRODUCTS_DIR)/FeedReader.app/Contents/MacOS/FeedReader";
				WRAPPER_EXTENSION = octest;
			};
			name = Release;
		};
/* End XCBuildConfiguration section */

/* Begin XCConfigurationList section */
		55791BD516E1DD420083AF02 /* Build configuration list for PBXProject "FeedReader" */ = {
			isa = XCConfigurationList;
			buildConfigurations = (
				55791C1016E1DD420083AF02 /* Debug */,
				55791C1116E1DD420083AF02 /* Release */,
			);
			defaultConfigurationIsVisible = 0;
			defaultConfigurationName = Debug;
		};
		55791C1216E1DD420083AF02 /* Build configuration list for PBXNativeTarget "FeedReader" */ = {
			isa = XCConfigurationList;
			buildConfigurations = (
				55791C1316E1DD420083AF02 /* Debug */,
				55791C1416E1DD420083AF02 /* Release */,
			);
			defaultConfigurationIsVisible = 0;
			defaultConfigurationName = Debug;
		};
		55C377D217168C66002E5B56 /* Build configuration list for PBXNativeTarget "FeedReaderTests" */ = {
			isa = XCConfigurationList;
			buildConfigurations = (
				55C377D317168C66002E5B56 /* Debug */,
				55C377D417168C66002E5B56 /* Release */,
			);
			defaultConfigurationIsVisible = 0;
		};
/* End XCConfigurationList section */
	};
	rootObject = 55791BD216E1DD420083AF02 /* Project object */;
}
